// !$*UTF8*$!
{
	archiveVersion = 1;
	classes = {
	};
	objectVersion = 46;
	objects = {

/* Begin PBXBuildFile section */
		14872BAEBCBCAB6BE693726B /* libPods.a in Frameworks */ = {isa = PBXBuildFile; fileRef = B8956294F6A007E239F4326D /* libPods.a */; };
		C49C80F11A8210EE00B59F9E /* main.m in Sources */ = {isa = PBXBuildFile; fileRef = C49C80F01A8210EE00B59F9E /* main.m */; };
		C49C80F41A8210EE00B59F9E /* AppDelegate.m in Sources */ = {isa = PBXBuildFile; fileRef = C49C80F31A8210EE00B59F9E /* AppDelegate.m */; };
		C49C80FC1A8210EE00B59F9E /* Images.xcassets in Resources */ = {isa = PBXBuildFile; fileRef = C49C80FB1A8210EE00B59F9E /* Images.xcassets */; };
		C49C80FF1A8210EE00B59F9E /* LaunchScreen.xib in Resources */ = {isa = PBXBuildFile; fileRef = C49C80FD1A8210EE00B59F9E /* LaunchScreen.xib */; };
		C49C810B1A8210EE00B59F9E /* Rotten_TomatoesTests.m in Sources */ = {isa = PBXBuildFile; fileRef = C49C810A1A8210EE00B59F9E /* Rotten_TomatoesTests.m */; };
		C49C81171A8213E400B59F9E /* MoviesViewController.m in Sources */ = {isa = PBXBuildFile; fileRef = C49C81151A8213E400B59F9E /* MoviesViewController.m */; };
		C49C81181A8213E400B59F9E /* MoviesViewController.xib in Resources */ = {isa = PBXBuildFile; fileRef = C49C81161A8213E400B59F9E /* MoviesViewController.xib */; };
		C4BD68C41A86B9DC0074F71B /* MovieCell.m in Sources */ = {isa = PBXBuildFile; fileRef = C4BD68C21A86B9DC0074F71B /* MovieCell.m */; };
		C4BD68C51A86B9DC0074F71B /* MovieCell.xib in Resources */ = {isa = PBXBuildFile; fileRef = C4BD68C31A86B9DC0074F71B /* MovieCell.xib */; };
		C4BD68CE1A86CEA80074F71B /* MovieDetailViewController.m in Sources */ = {isa = PBXBuildFile; fileRef = C4BD68CC1A86CEA80074F71B /* MovieDetailViewController.m */; };
		C4BD68CF1A86CEA80074F71B /* MovieDetailViewController.xib in Resources */ = {isa = PBXBuildFile; fileRef = C4BD68CD1A86CEA80074F71B /* MovieDetailViewController.xib */; };
		C4BD68DE1A8713550074F71B /* MovieCollectionCell.m in Sources */ = {isa = PBXBuildFile; fileRef = C4BD68DC1A8713550074F71B /* MovieCollectionCell.m */; };
		C4BD68DF1A8713550074F71B /* MovieCollectionCell.xib in Resources */ = {isa = PBXBuildFile; fileRef = C4BD68DD1A8713550074F71B /* MovieCollectionCell.xib */; };
/* End PBXBuildFile section */

/* Begin PBXContainerItemProxy section */
		C49C81051A8210EE00B59F9E /* PBXContainerItemProxy */ = {
			isa = PBXContainerItemProxy;
			containerPortal = C49C80E31A8210EE00B59F9E /* Project object */;
			proxyType = 1;
			remoteGlobalIDString = C49C80EA1A8210EE00B59F9E;
			remoteInfo = "Rotten Tomatoes";
		};
/* End PBXContainerItemProxy section */

/* Begin PBXFileReference section */
		56FE37E55D2161D8E2DBACCB /* Pods.debug.xcconfig */ = {isa = PBXFileReference; includeInIndex = 1; lastKnownFileType = text.xcconfig; name = Pods.debug.xcconfig; path = "Pods/Target Support Files/Pods/Pods.debug.xcconfig"; sourceTree = "<group>"; };
		B8956294F6A007E239F4326D /* libPods.a */ = {isa = PBXFileReference; explicitFileType = archive.ar; includeInIndex = 0; path = libPods.a; sourceTree = BUILT_PRODUCTS_DIR; };
		C49C80EB1A8210EE00B59F9E /* Rotten Tomatoes.app */ = {isa = PBXFileReference; explicitFileType = wrapper.application; includeInIndex = 0; path = "Rotten Tomatoes.app"; sourceTree = BUILT_PRODUCTS_DIR; };
		C49C80EF1A8210EE00B59F9E /* Info.plist */ = {isa = PBXFileReference; lastKnownFileType = text.plist.xml; path = Info.plist; sourceTree = "<group>"; };
		C49C80F01A8210EE00B59F9E /* main.m */ = {isa = PBXFileReference; lastKnownFileType = sourcecode.c.objc; path = main.m; sourceTree = "<group>"; };
		C49C80F21A8210EE00B59F9E /* AppDelegate.h */ = {isa = PBXFileReference; lastKnownFileType = sourcecode.c.h; path = AppDelegate.h; sourceTree = "<group>"; };
		C49C80F31A8210EE00B59F9E /* AppDelegate.m */ = {isa = PBXFileReference; lastKnownFileType = sourcecode.c.objc; path = AppDelegate.m; sourceTree = "<group>"; };
		C49C80FB1A8210EE00B59F9E /* Images.xcassets */ = {isa = PBXFileReference; lastKnownFileType = folder.assetcatalog; path = Images.xcassets; sourceTree = "<group>"; };
		C49C80FE1A8210EE00B59F9E /* Base */ = {isa = PBXFileReference; lastKnownFileType = file.xib; name = Base; path = Base.lproj/LaunchScreen.xib; sourceTree = "<group>"; };
		C49C81041A8210EE00B59F9E /* Rotten TomatoesTests.xctest */ = {isa = PBXFileReference; explicitFileType = wrapper.cfbundle; includeInIndex = 0; path = "Rotten TomatoesTests.xctest"; sourceTree = BUILT_PRODUCTS_DIR; };
		C49C81091A8210EE00B59F9E /* Info.plist */ = {isa = PBXFileReference; lastKnownFileType = text.plist.xml; path = Info.plist; sourceTree = "<group>"; };
		C49C810A1A8210EE00B59F9E /* Rotten_TomatoesTests.m */ = {isa = PBXFileReference; lastKnownFileType = sourcecode.c.objc; path = Rotten_TomatoesTests.m; sourceTree = "<group>"; };
		C49C81141A8213E400B59F9E /* MoviesViewController.h */ = {isa = PBXFileReference; fileEncoding = 4; lastKnownFileType = sourcecode.c.h; path = MoviesViewController.h; sourceTree = "<group>"; };
		C49C81151A8213E400B59F9E /* MoviesViewController.m */ = {isa = PBXFileReference; fileEncoding = 4; lastKnownFileType = sourcecode.c.objc; path = MoviesViewController.m; sourceTree = "<group>"; };
		C49C81161A8213E400B59F9E /* MoviesViewController.xib */ = {isa = PBXFileReference; fileEncoding = 4; lastKnownFileType = file.xib; path = MoviesViewController.xib; sourceTree = "<group>"; };
		C4BD68C11A86B9DC0074F71B /* MovieCell.h */ = {isa = PBXFileReference; fileEncoding = 4; lastKnownFileType = sourcecode.c.h; path = MovieCell.h; sourceTree = "<group>"; };
		C4BD68C21A86B9DC0074F71B /* MovieCell.m */ = {isa = PBXFileReference; fileEncoding = 4; lastKnownFileType = sourcecode.c.objc; path = MovieCell.m; sourceTree = "<group>"; };
		C4BD68C31A86B9DC0074F71B /* MovieCell.xib */ = {isa = PBXFileReference; fileEncoding = 4; lastKnownFileType = file.xib; path = MovieCell.xib; sourceTree = "<group>"; };
		C4BD68CB1A86CEA80074F71B /* MovieDetailViewController.h */ = {isa = PBXFileReference; fileEncoding = 4; lastKnownFileType = sourcecode.c.h; path = MovieDetailViewController.h; sourceTree = "<group>"; };
		C4BD68CC1A86CEA80074F71B /* MovieDetailViewController.m */ = {isa = PBXFileReference; fileEncoding = 4; lastKnownFileType = sourcecode.c.objc; path = MovieDetailViewController.m; sourceTree = "<group>"; };
		C4BD68CD1A86CEA80074F71B /* MovieDetailViewController.xib */ = {isa = PBXFileReference; fileEncoding = 4; lastKnownFileType = file.xib; path = MovieDetailViewController.xib; sourceTree = "<group>"; };
		C4BD68DB1A8713550074F71B /* MovieCollectionCell.h */ = {isa = PBXFileReference; fileEncoding = 4; lastKnownFileType = sourcecode.c.h; path = MovieCollectionCell.h; sourceTree = "<group>"; };
		C4BD68DC1A8713550074F71B /* MovieCollectionCell.m */ = {isa = PBXFileReference; fileEncoding = 4; lastKnownFileType = sourcecode.c.objc; path = MovieCollectionCell.m; sourceTree = "<group>"; };
		C4BD68DD1A8713550074F71B /* MovieCollectionCell.xib */ = {isa = PBXFileReference; fileEncoding = 4; lastKnownFileType = file.xib; path = MovieCollectionCell.xib; sourceTree = "<group>"; };
		EF50162310F5AE866EDFEC84 /* Pods.release.xcconfig */ = {isa = PBXFileReference; includeInIndex = 1; lastKnownFileType = text.xcconfig; name = Pods.release.xcconfig; path = "Pods/Target Support Files/Pods/Pods.release.xcconfig"; sourceTree = "<group>"; };
/* End PBXFileReference section */

/* Begin PBXFrameworksBuildPhase section */
		C49C80E81A8210EE00B59F9E /* Frameworks */ = {
			isa = PBXFrameworksBuildPhase;
			buildActionMask = 2147483647;
			files = (
				14872BAEBCBCAB6BE693726B /* libPods.a in Frameworks */,
			);
			runOnlyForDeploymentPostprocessing = 0;
		};
		C49C81011A8210EE00B59F9E /* Frameworks */ = {
			isa = PBXFrameworksBuildPhase;
			buildActionMask = 2147483647;
			files = (
			);
			runOnlyForDeploymentPostprocessing = 0;
		};
/* End PBXFrameworksBuildPhase section */

/* Begin PBXGroup section */
		2CD654FD0ACB089C1F17FFB2 /* Frameworks */ = {
			isa = PBXGroup;
			children = (
				B8956294F6A007E239F4326D /* libPods.a */,
			);
			name = Frameworks;
			sourceTree = "<group>";
		};
		C49C80E21A8210EE00B59F9E = {
			isa = PBXGroup;
			children = (
				C49C80ED1A8210EE00B59F9E /* Rotten Tomatoes */,
				C49C81071A8210EE00B59F9E /* Rotten TomatoesTests */,
				C49C80EC1A8210EE00B59F9E /* Products */,
				D9D829F714A80EE8BAAA2A82 /* Pods */,
				2CD654FD0ACB089C1F17FFB2 /* Frameworks */,
			);
			sourceTree = "<group>";
		};
		C49C80EC1A8210EE00B59F9E /* Products */ = {
			isa = PBXGroup;
			children = (
				C49C80EB1A8210EE00B59F9E /* Rotten Tomatoes.app */,
				C49C81041A8210EE00B59F9E /* Rotten TomatoesTests.xctest */,
			);
			name = Products;
			sourceTree = "<group>";
		};
		C49C80ED1A8210EE00B59F9E /* Rotten Tomatoes */ = {
			isa = PBXGroup;
			children = (
				C4BD68C01A86B9BB0074F71B /* Views */,
				C49C81191A82142A00B59F9E /* ViewControllers */,
				C49C80F21A8210EE00B59F9E /* AppDelegate.h */,
				C49C80F31A8210EE00B59F9E /* AppDelegate.m */,
				C49C80FB1A8210EE00B59F9E /* Images.xcassets */,
				C49C80FD1A8210EE00B59F9E /* LaunchScreen.xib */,
				C49C80EE1A8210EE00B59F9E /* Supporting Files */,
			);
			path = "Rotten Tomatoes";
			sourceTree = "<group>";
		};
		C49C80EE1A8210EE00B59F9E /* Supporting Files */ = {
			isa = PBXGroup;
			children = (
				C49C80EF1A8210EE00B59F9E /* Info.plist */,
				C49C80F01A8210EE00B59F9E /* main.m */,
			);
			name = "Supporting Files";
			sourceTree = "<group>";
		};
		C49C81071A8210EE00B59F9E /* Rotten TomatoesTests */ = {
			isa = PBXGroup;
			children = (
				C49C810A1A8210EE00B59F9E /* Rotten_TomatoesTests.m */,
				C49C81081A8210EE00B59F9E /* Supporting Files */,
			);
			path = "Rotten TomatoesTests";
			sourceTree = "<group>";
		};
		C49C81081A8210EE00B59F9E /* Supporting Files */ = {
			isa = PBXGroup;
			children = (
				C49C81091A8210EE00B59F9E /* Info.plist */,
			);
			name = "Supporting Files";
			sourceTree = "<group>";
		};
		C49C81191A82142A00B59F9E /* ViewControllers */ = {
			isa = PBXGroup;
			children = (
				C49C81141A8213E400B59F9E /* MoviesViewController.h */,
				C49C81151A8213E400B59F9E /* MoviesViewController.m */,
				C49C81161A8213E400B59F9E /* MoviesViewController.xib */,
				C4BD68CB1A86CEA80074F71B /* MovieDetailViewController.h */,
				C4BD68CC1A86CEA80074F71B /* MovieDetailViewController.m */,
				C4BD68CD1A86CEA80074F71B /* MovieDetailViewController.xib */,
			);
			name = ViewControllers;
			sourceTree = "<group>";
		};
		C4BD68C01A86B9BB0074F71B /* Views */ = {
			isa = PBXGroup;
			children = (
				C4BD68C11A86B9DC0074F71B /* MovieCell.h */,
				C4BD68C21A86B9DC0074F71B /* MovieCell.m */,
				C4BD68C31A86B9DC0074F71B /* MovieCell.xib */,
				C4BD68DB1A8713550074F71B /* MovieCollectionCell.h */,
				C4BD68DC1A8713550074F71B /* MovieCollectionCell.m */,
				C4BD68DD1A8713550074F71B /* MovieCollectionCell.xib */,
			);
			name = Views;
			sourceTree = "<group>";
		};
		D9D829F714A80EE8BAAA2A82 /* Pods */ = {
			isa = PBXGroup;
			children = (
				56FE37E55D2161D8E2DBACCB /* Pods.debug.xcconfig */,
				EF50162310F5AE866EDFEC84 /* Pods.release.xcconfig */,
			);
			name = Pods;
			sourceTree = "<group>";
		};
/* End PBXGroup section */

/* Begin PBXNativeTarget section */
		C49C80EA1A8210EE00B59F9E /* Rotten Tomatoes */ = {
			isa = PBXNativeTarget;
			buildConfigurationList = C49C810E1A8210EE00B59F9E /* Build configuration list for PBXNativeTarget "Rotten Tomatoes" */;
			buildPhases = (
				F35EFC57803130E5ECFE902A /* Check Pods Manifest.lock */,
				C49C80E71A8210EE00B59F9E /* Sources */,
				C49C80E81A8210EE00B59F9E /* Frameworks */,
				C49C80E91A8210EE00B59F9E /* Resources */,
				451C54686CF7B6347599E03C /* Copy Pods Resources */,
			);
			buildRules = (
			);
			dependencies = (
			);
			name = "Rotten Tomatoes";
			productName = "Rotten Tomatoes";
			productReference = C49C80EB1A8210EE00B59F9E /* Rotten Tomatoes.app */;
			productType = "com.apple.product-type.application";
		};
		C49C81031A8210EE00B59F9E /* Rotten TomatoesTests */ = {
			isa = PBXNativeTarget;
			buildConfigurationList = C49C81111A8210EE00B59F9E /* Build configuration list for PBXNativeTarget "Rotten TomatoesTests" */;
			buildPhases = (
				C49C81001A8210EE00B59F9E /* Sources */,
				C49C81011A8210EE00B59F9E /* Frameworks */,
				C49C81021A8210EE00B59F9E /* Resources */,
			);
			buildRules = (
			);
			dependencies = (
				C49C81061A8210EE00B59F9E /* PBXTargetDependency */,
			);
			name = "Rotten TomatoesTests";
			productName = "Rotten TomatoesTests";
			productReference = C49C81041A8210EE00B59F9E /* Rotten TomatoesTests.xctest */;
			productType = "com.apple.product-type.bundle.unit-test";
		};
/* End PBXNativeTarget section */

/* Begin PBXProject section */
		C49C80E31A8210EE00B59F9E /* Project object */ = {
			isa = PBXProject;
			attributes = {
				LastUpgradeCheck = 0610;
				ORGANIZATIONNAME = "Ken Szubzda";
				TargetAttributes = {
					C49C80EA1A8210EE00B59F9E = {
						CreatedOnToolsVersion = 6.1.1;
					};
					C49C81031A8210EE00B59F9E = {
						CreatedOnToolsVersion = 6.1.1;
						TestTargetID = C49C80EA1A8210EE00B59F9E;
					};
				};
			};
			buildConfigurationList = C49C80E61A8210EE00B59F9E /* Build configuration list for PBXProject "Rotten Tomatoes" */;
			compatibilityVersion = "Xcode 3.2";
			developmentRegion = English;
			hasScannedForEncodings = 0;
			knownRegions = (
				en,
				Base,
			);
			mainGroup = C49C80E21A8210EE00B59F9E;
			productRefGroup = C49C80EC1A8210EE00B59F9E /* Products */;
			projectDirPath = "";
			projectRoot = "";
			targets = (
				C49C80EA1A8210EE00B59F9E /* Rotten Tomatoes */,
				C49C81031A8210EE00B59F9E /* Rotten TomatoesTests */,
			);
		};
/* End PBXProject section */

/* Begin PBXResourcesBuildPhase section */
		C49C80E91A8210EE00B59F9E /* Resources */ = {
			isa = PBXResourcesBuildPhase;
			buildActionMask = 2147483647;
			files = (
				C4BD68DF1A8713550074F71B /* MovieCollectionCell.xib in Resources */,
				C4BD68CF1A86CEA80074F71B /* MovieDetailViewController.xib in Resources */,
				C49C80FF1A8210EE00B59F9E /* LaunchScreen.xib in Resources */,
				C49C81181A8213E400B59F9E /* MoviesViewController.xib in Resources */,
				C4BD68C51A86B9DC0074F71B /* MovieCell.xib in Resources */,
				C49C80FC1A8210EE00B59F9E /* Images.xcassets in Resources */,
			);
			runOnlyForDeploymentPostprocessing = 0;
		};
		C49C81021A8210EE00B59F9E /* Resources */ = {
			isa = PBXResourcesBuildPhase;
			buildActionMask = 2147483647;
			files = (
			);
			runOnlyForDeploymentPostprocessing = 0;
		};
/* End PBXResourcesBuildPhase section */

/* Begin PBXShellScriptBuildPhase section */
		451C54686CF7B6347599E03C /* Copy Pods Resources */ = {
			isa = PBXShellScriptBuildPhase;
			buildActionMask = 2147483647;
			files = (
			);
			inputPaths = (
			);
			name = "Copy Pods Resources";
			outputPaths = (
			);
			runOnlyForDeploymentPostprocessing = 0;
			shellPath = /bin/sh;
			shellScript = "\"${SRCROOT}/Pods/Target Support Files/Pods/Pods-resources.sh\"\n";
			showEnvVarsInLog = 0;
		};
		F35EFC57803130E5ECFE902A /* Check Pods Manifest.lock */ = {
			isa = PBXShellScriptBuildPhase;
			buildActionMask = 2147483647;
			files = (
			);
			inputPaths = (
			);
			name = "Check Pods Manifest.lock";
			outputPaths = (
			);
			runOnlyForDeploymentPostprocessing = 0;
			shellPath = /bin/sh;
			shellScript = "diff \"${PODS_ROOT}/../Podfile.lock\" \"${PODS_ROOT}/Manifest.lock\" > /dev/null\nif [[ $? != 0 ]] ; then\n    cat << EOM\nerror: The sandbox is not in sync with the Podfile.lock. Run 'pod install' or update your CocoaPods installation.\nEOM\n    exit 1\nfi\n";
			showEnvVarsInLog = 0;
		};
/* End PBXShellScriptBuildPhase section */

/* Begin PBXSourcesBuildPhase section */
		C49C80E71A8210EE00B59F9E /* Sources */ = {
			isa = PBXSourcesBuildPhase;
			buildActionMask = 2147483647;
			files = (
				C49C81171A8213E400B59F9E /* MoviesViewController.m in Sources */,
				C49C80F41A8210EE00B59F9E /* AppDelegate.m in Sources */,
				C4BD68DE1A8713550074F71B /* MovieCollectionCell.m in Sources */,
				C4BD68CE1A86CEA80074F71B /* MovieDetailViewController.m in Sources */,
				C4BD68C41A86B9DC0074F71B /* MovieCell.m in Sources */,
				C49C80F11A8210EE00B59F9E /* main.m in Sources */,
			);
			runOnlyForDeploymentPostprocessing = 0;
		};
		C49C81001A8210EE00B59F9E /* Sources */ = {
			isa = PBXSourcesBuildPhase;
			buildActionMask = 2147483647;
			files = (
				C49C810B1A8210EE00B59F9E /* Rotten_TomatoesTests.m in Sources */,
			);
			runOnlyForDeploymentPostprocessing = 0;
		};
/* End PBXSourcesBuildPhase section */

/* Begin PBXTargetDependency section */
		C49C81061A8210EE00B59F9E /* PBXTargetDependency */ = {
			isa = PBXTargetDependency;
			target = C49C80EA1A8210EE00B59F9E /* Rotten Tomatoes */;
			targetProxy = C49C81051A8210EE00B59F9E /* PBXContainerItemProxy */;
		};
/* End PBXTargetDependency section */

/* Begin PBXVariantGroup section */
		C49C80FD1A8210EE00B59F9E /* LaunchScreen.xib */ = {
			isa = PBXVariantGroup;
			children = (
				C49C80FE1A8210EE00B59F9E /* Base */,
			);
			name = LaunchScreen.xib;
			sourceTree = "<group>";
		};
/* End PBXVariantGroup section */

/* Begin XCBuildConfiguration section */
		C49C810C1A8210EE00B59F9E /* Debug */ = {
			isa = XCBuildConfiguration;
			buildSettings = {
				ALWAYS_SEARCH_USER_PATHS = NO;
				CLANG_CXX_LANGUAGE_STANDARD = "gnu++0x";
				CLANG_CXX_LIBRARY = "libc++";
				CLANG_ENABLE_MODULES = YES;
				CLANG_ENABLE_OBJC_ARC = YES;
				CLANG_WARN_BOOL_CONVERSION = YES;
				CLANG_WARN_CONSTANT_CONVERSION = YES;
				CLANG_WARN_DIRECT_OBJC_ISA_USAGE = YES_ERROR;
				CLANG_WARN_EMPTY_BODY = YES;
				CLANG_WARN_ENUM_CONVERSION = YES;
				CLANG_WARN_INT_CONVERSION = YES;
				CLANG_WARN_OBJC_ROOT_CLASS = YES_ERROR;
				CLANG_WARN_UNREACHABLE_CODE = YES;
				CLANG_WARN__DUPLICATE_METHOD_MATCH = YES;
				"CODE_SIGN_IDENTITY[sdk=iphoneos*]" = "iPhone Developer";
				COPY_PHASE_STRIP = NO;
				ENABLE_STRICT_OBJC_MSGSEND = YES;
				GCC_C_LANGUAGE_STANDARD = gnu99;
				GCC_DYNAMIC_NO_PIC = NO;
				GCC_OPTIMIZATION_LEVEL = 0;
				GCC_PREPROCESSOR_DEFINITIONS = (
					"DEBUG=1",
					"$(inherited)",
				);
				GCC_SYMBOLS_PRIVATE_EXTERN = NO;
				GCC_WARN_64_TO_32_BIT_CONVERSION = YES;
				GCC_WARN_ABOUT_RETURN_TYPE = YES_ERROR;
				GCC_WARN_UNDECLARED_SELECTOR = YES;
				GCC_WARN_UNINITIALIZED_AUTOS = YES_AGGRESSIVE;
				GCC_WARN_UNUSED_FUNCTION = YES;
				GCC_WARN_UNUSED_VARIABLE = YES;
				IPHONEOS_DEPLOYMENT_TARGET = 8.1;
				MTL_ENABLE_DEBUG_INFO = YES;
				ONLY_ACTIVE_ARCH = YES;
				SDKROOT = iphoneos;
			};
			name = Debug;
		};
		C49C810D1A8210EE00B59F9E /* Release */ = {
			isa = XCBuildConfiguration;
			buildSettings = {
				ALWAYS_SEARCH_USER_PATHS = NO;
				CLANG_CXX_LANGUAGE_STANDARD = "gnu++0x";
				CLANG_CXX_LIBRARY = "libc++";
				CLANG_ENABLE_MODULES = YES;
				CLANG_ENABLE_OBJC_ARC = YES;
				CLANG_WARN_BOOL_CONVERSION = YES;
				CLANG_WARN_CONSTANT_CONVERSION = YES;
				CLANG_WARN_DIRECT_OBJC_ISA_USAGE = YES_ERROR;
				CLANG_WARN_EMPTY_BODY = YES;
				CLANG_WARN_ENUM_CONVERSION = YES;
				CLANG_WARN_INT_CONVERSION = YES;
				CLANG_WARN_OBJC_ROOT_CLASS = YES_ERROR;
				CLANG_WARN_UNREACHABLE_CODE = YES;
				CLANG_WARN__DUPLICATE_METHOD_MATCH = YES;
				"CODE_SIGN_IDENTITY[sdk=iphoneos*]" = "iPhone Developer";
				COPY_PHASE_STRIP = YES;
				ENABLE_NS_ASSERTIONS = NO;
				ENABLE_STRICT_OBJC_MSGSEND = YES;
				GCC_C_LANGUAGE_STANDARD = gnu99;
				GCC_WARN_64_TO_32_BIT_CONVERSION = YES;
				GCC_WARN_ABOUT_RETURN_TYPE = YES_ERROR;
				GCC_WARN_UNDECLARED_SELECTOR = YES;
				GCC_WARN_UNINITIALIZED_AUTOS = YES_AGGRESSIVE;
				GCC_WARN_UNUSED_FUNCTION = YES;
				GCC_WARN_UNUSED_VARIABLE = YES;
				IPHONEOS_DEPLOYMENT_TARGET = 8.1;
				MTL_ENABLE_DEBUG_INFO = NO;
				SDKROOT = iphoneos;
				VALIDATE_PRODUCT = YES;
			};
			name = Release;
		};
		C49C810F1A8210EE00B59F9E /* Debug */ = {
			isa = XCBuildConfiguration;
			baseConfigurationReference = 56FE37E55D2161D8E2DBACCB /* Pods.debug.xcconfig */;
			buildSettings = {
				ASSETCATALOG_COMPILER_APPICON_NAME = AppIcon;
				INFOPLIST_FILE = "Rotten Tomatoes/Info.plist";
				LD_RUNPATH_SEARCH_PATHS = "$(inherited) @executable_path/Frameworks";
				PRODUCT_NAME = "$(TARGET_NAME)";
			};
			name = Debug;
		};
		C49C81101A8210EE00B59F9E /* Release */ = {
			isa = XCBuildConfiguration;
			baseConfigurationReference = EF50162310F5AE866EDFEC84 /* Pods.release.xcconfig */;
			buildSettings = {
				ASSETCATALOG_COMPILER_APPICON_NAME = AppIcon;
				INFOPLIST_FILE = "Rotten Tomatoes/Info.plist";
				LD_RUNPATH_SEARCH_PATHS = "$(inherited) @executable_path/Frameworks";
				PRODUCT_NAME = "$(TARGET_NAME)";
			};
			name = Release;
		};
		C49C81121A8210EE00B59F9E /* Debug */ = {
			isa = XCBuildConfiguration;
			buildSettings = {
				BUNDLE_LOADER = "$(TEST_HOST)";
				FRAMEWORK_SEARCH_PATHS = (
					"$(SDKROOT)/Developer/Library/Frameworks",
					"$(inherited)",
				);
				GCC_PREPROCESSOR_DEFINITIONS = (
					"DEBUG=1",
					"$(inherited)",
				);
				INFOPLIST_FILE = "Rotten TomatoesTests/Info.plist";
				LD_RUNPATH_SEARCH_PATHS = "$(inherited) @executable_path/Frameworks @loader_path/Frameworks";
				PRODUCT_NAME = "$(TARGET_NAME)";
				TEST_HOST = "$(BUILT_PRODUCTS_DIR)/Rotten Tomatoes.app/Rotten Tomatoes";
			};
			name = Debug;
		};
		C49C81131A8210EE00B59F9E /* Release */ = {
			isa = XCBuildConfiguration;
			buildSettings = {
				BUNDLE_LOADER = "$(TEST_HOST)";
				FRAMEWORK_SEARCH_PATHS = (
					"$(SDKROOT)/Developer/Library/Frameworks",
					"$(inherited)",
				);
				INFOPLIST_FILE = "Rotten TomatoesTests/Info.plist";
				LD_RUNPATH_SEARCH_PATHS = "$(inherited) @executable_path/Frameworks @loader_path/Frameworks";
				PRODUCT_NAME = "$(TARGET_NAME)";
				TEST_HOST = "$(BUILT_PRODUCTS_DIR)/Rotten Tomatoes.app/Rotten Tomatoes";
			};
			name = Release;
		};
/* End XCBuildConfiguration section */

/* Begin XCConfigurationList section */
		C49C80E61A8210EE00B59F9E /* Build configuration list for PBXProject "Rotten Tomatoes" */ = {
			isa = XCConfigurationList;
			buildConfigurations = (
				C49C810C1A8210EE00B59F9E /* Debug */,
				C49C810D1A8210EE00B59F9E /* Release */,
			);
			defaultConfigurationIsVisible = 0;
			defaultConfigurationName = Release;
		};
		C49C810E1A8210EE00B59F9E /* Build configuration list for PBXNativeTarget "Rotten Tomatoes" */ = {
			isa = XCConfigurationList;
			buildConfigurations = (
				C49C810F1A8210EE00B59F9E /* Debug */,
				C49C81101A8210EE00B59F9E /* Release */,
			);
			defaultConfigurationIsVisible = 0;
			defaultConfigurationName = Release;
		};
		C49C81111A8210EE00B59F9E /* Build configuration list for PBXNativeTarget "Rotten TomatoesTests" */ = {
			isa = XCConfigurationList;
			buildConfigurations = (
				C49C81121A8210EE00B59F9E /* Debug */,
				C49C81131A8210EE00B59F9E /* Release */,
			);
			defaultConfigurationIsVisible = 0;
			defaultConfigurationName = Release;
		};
/* End XCConfigurationList section */
	};
	rootObject = C49C80E31A8210EE00B59F9E /* Project object */;
}
